
Microsoft Visual Studio Solution File, Format Version 12.00
# Visual Studio Version 16
VisualStudioVersion = 16.0.31702.278
MinimumVisualStudioVersion = 10.0.40219.1
Project("{FAE04EC0-301F-11D3-BF4B-00C04F79EFBC}") = "AdventOfCode", "zcarey-Advent-of-Code-2019\AdventOfCode\AdventOfCode.csproj", "{B78304A0-396F-4603-86C4-7C51626EEB2C}"
EndProject
Project("{FAE04EC0-301F-11D3-BF4B-00C04F79EFBC}") = "Day 01", "zcarey-Advent-of-Code-2019\Day 01\Day 01.csproj", "{49488F43-8F07-4505-8CEE-B7DF1AF69818}"
EndProject
Global
	GlobalSection(SolutionConfigurationPlatforms) = preSolution
		Debug|Any CPU = Debug|Any CPU
		Release|Any CPU = Release|Any CPU
	EndGlobalSection
	GlobalSection(ProjectConfigurationPlatforms) = postSolution
		{B78304A0-396F-4603-86C4-7C51626EEB2C}.Debug|Any CPU.ActiveCfg = Debug|Any CPU
		{B78304A0-396F-4603-86C4-7C51626EEB2C}.Debug|Any CPU.Build.0 = Debug|Any CPU
		{B78304A0-396F-4603-86C4-7C51626EEB2C}.Release|Any CPU.ActiveCfg = Release|Any CPU
		{B78304A0-396F-4603-86C4-7C51626EEB2C}.Release|Any CPU.Build.0 = Release|Any CPU
		{49488F43-8F07-4505-8CEE-B7DF1AF69818}.Debug|Any CPU.ActiveCfg = Debug|Any CPU
		{49488F43-8F07-4505-8CEE-B7DF1AF69818}.Debug|Any CPU.Build.0 = Debug|Any CPU
		{49488F43-8F07-4505-8CEE-B7DF1AF69818}.Release|Any CPU.ActiveCfg = Release|Any CPU
		{49488F43-8F07-4505-8CEE-B7DF1AF69818}.Release|Any CPU.Build.0 = Release|Any CPU
	EndGlobalSection
	GlobalSection(SolutionProperties) = preSolution
		HideSolutionNode = FALSE
	EndGlobalSection
	GlobalSection(ExtensibilityGlobals) = postSolution
		SolutionGuid = {705958AD-5FF6-43D9-887A-B41597ED94EE}
	EndGlobalSection
EndGlobal
